{
  "projects": [
    {
      "projectId": "9Vr5YWkf3w7jj6SsTcCEta",
      "version": "0.15.0",
      "dependencies": {},
      "lang": "ts",
      "fileLocks": [
        {
          "assetId": "9Vr5YWkf3w7jj6SsTcCEta",
          "type": "projectCss",
          "checksum": "687c8a4308ee352cf44434bc8b3b0be9"
        }
      ],
      "codegenVersion": "0.0.1"
    },
    {
      "projectId": "jkU633o1Cz7HrJdwdxhVHk",
      "version": "16.15.0",
      "dependencies": {},
      "lang": "ts",
      "fileLocks": [
        {
          "assetId": "jkU633o1Cz7HrJdwdxhVHk",
          "type": "projectCss",
          "checksum": "992d7f0bcf647755f52847086cbb2a02"
        }
      ],
      "codegenVersion": "0.0.1"
    },
    {
      "projectId": "ohDidvG9XsCeFumugENU3J",
      "version": "6.31.0",
      "dependencies": {},
      "lang": "ts",
      "fileLocks": [
        {
          "assetId": "ohDidvG9XsCeFumugENU3J",
          "type": "projectCss",
          "checksum": "4fff961e7c3754c7df4e6e461343105e"
        },
        {
          "assetId": "ohDidvG9XsCeFumugENU3J",
          "checksum": "f9cc098ce5640eefe7d9edb8470a210c",
          "type": "globalContexts"
        }
      ],
      "codegenVersion": "0.0.1"
    },
    {
      "projectId": "chwrzvw5hacDdCDtmYaSSb",
      "version": "latest",
      "dependencies": {
        "ohDidvG9XsCeFumugENU3J": "6.31.0",
        "jkU633o1Cz7HrJdwdxhVHk": "16.15.0",
        "9Vr5YWkf3w7jj6SsTcCEta": "0.15.0"
      },
      "lang": "ts",
      "fileLocks": [
        {
          "type": "globalVariant",
          "assetId": "B6cZtl2FPe1f",
          "checksum": "1b5d86eb35954c4a1e963fe917b88247"
        },
        {
          "assetId": "chwrzvw5hacDdCDtmYaSSb",
          "checksum": "29e3da5ba1b77aca7c81f2fb2605376c",
          "type": "globalContexts"
        },
        {
          "type": "renderModule",
          "assetId": "x1hJPf_4D3tT",
          "checksum": "a6d4de08faf91820ccabccb5249ec385"
        },
        {
          "type": "cssRules",
          "assetId": "x1hJPf_4D3tT",
          "checksum": "a6d4de08faf91820ccabccb5249ec385"
        },
        {
          "type": "renderModule",
          "assetId": "TZVmFGETAb0O",
          "checksum": "da740566ee1af97c782dc0e217d0465e"
        },
        {
          "type": "cssRules",
          "assetId": "TZVmFGETAb0O",
          "checksum": "da740566ee1af97c782dc0e217d0465e"
        },
        {
          "type": "renderModule",
          "assetId": "eZWdX0Swbbbk",
          "checksum": "f2f9cedd774a9c697ddb266b81210647"
        },
        {
          "type": "cssRules",
          "assetId": "eZWdX0Swbbbk",
          "checksum": "f2f9cedd774a9c697ddb266b81210647"
        },
        {
          "type": "renderModule",
          "assetId": "IV3Lp_147vp7",
          "checksum": "b86d0ba4d50280569bd2227221416253"
        },
        {
          "type": "cssRules",
          "assetId": "IV3Lp_147vp7",
          "checksum": "b86d0ba4d50280569bd2227221416253"
        },
        {
          "type": "renderModule",
          "assetId": "zxnu1SLrha_c",
          "checksum": "48207fca1e7b20b6b4736d3a4d869a5b"
        },
        {
          "type": "cssRules",
          "assetId": "zxnu1SLrha_c",
          "checksum": "48207fca1e7b20b6b4736d3a4d869a5b"
        },
        {
          "type": "icon",
          "assetId": "YbXQoJNTtI7M",
          "checksum": "3d473c93fb1d66a06223219834d0794d"
        },
        {
          "type": "icon",
          "assetId": "aiVfj0sSwEfU",
          "checksum": "faf599e59afc6aa855c272231cbf768a"
        },
        {
          "assetId": "chwrzvw5hacDdCDtmYaSSb",
          "type": "projectCss",
          "checksum": "aa9467b6e841bc11057e2a0b3e381561"
        }
      ],
      "codegenVersion": "0.0.1"
    }
  ],
  "cliVersion": "0.1.338"
}
